
Microsoft Visual Studio Solution File, Format Version 12.00
# Visual Studio Version 16
VisualStudioVersion = 16.0.31112.23
MinimumVisualStudioVersion = 10.0.40219.1
Project("{FAE04EC0-301F-11D3-BF4B-00C04F79EFBC}") = "Gra Memoy - DN", "Gra Memoy - DN\Gra Memoy - DN.csproj", "{365A389A-B042-4340-ABC1-1E01B5D3F0CC}"
EndProject
Global
	GlobalSection(SolutionConfigurationPlatforms) = preSolution
		Debug|Any CPU = Debug|Any CPU
		Release|Any CPU = Release|Any CPU
	EndGlobalSection
	GlobalSection(ProjectConfigurationPlatforms) = postSolution
		{365A389A-B042-4340-ABC1-1E01B5D3F0CC}.Debug|Any CPU.ActiveCfg = Debug|Any CPU
		{365A389A-B042-4340-ABC1-1E01B5D3F0CC}.Debug|Any CPU.Build.0 = Debug|Any CPU
		{365A389A-B042-4340-ABC1-1E01B5D3F0CC}.Release|Any CPU.ActiveCfg = Release|Any CPU
		{365A389A-B042-4340-ABC1-1E01B5D3F0CC}.Release|Any CPU.Build.0 = Release|Any CPU
	EndGlobalSection
	GlobalSection(SolutionProperties) = preSolution
		HideSolutionNode = FALSE
	EndGlobalSection
	GlobalSection(ExtensibilityGlobals) = postSolution
		SolutionGuid = {C7A5E31F-D51F-45A9-9F29-00BDFFF68429}
	EndGlobalSection
EndGlobal
